
Microsoft Visual Studio Solution File, Format Version 12.00
# Visual Studio 14
VisualStudioVersion = 14.0.25420.1
MinimumVisualStudioVersion = 10.0.40219.1
Project("{FAE04EC0-301F-11D3-BF4B-00C04F79EFBC}") = "AutoMapper5Demo", "AutoMapper5Demo\AutoMapper5Demo.csproj", "{E4DE7038-079A-4800-BAB7-036BB62BED1D}"
EndProject
Project("{FAE04EC0-301F-11D3-BF4B-00C04F79EFBC}") = "AutoMapper4Demo", "AutoMapper4Demo\AutoMapper4Demo.csproj", "{5D77BDE9-01C1-4A5E-AC89-813D4C155E36}"
EndProject
Global
	GlobalSection(SolutionConfigurationPlatforms) = preSolution
		Debug|Any CPU = Debug|Any CPU
		Release|Any CPU = Release|Any CPU
	EndGlobalSection
	GlobalSection(ProjectConfigurationPlatforms) = postSolution
		{E4DE7038-079A-4800-BAB7-036BB62BED1D}.Debug|Any CPU.ActiveCfg = Debug|Any CPU
		{E4DE7038-079A-4800-BAB7-036BB62BED1D}.Debug|Any CPU.Build.0 = Debug|Any CPU
		{E4DE7038-079A-4800-BAB7-036BB62BED1D}.Release|Any CPU.ActiveCfg = Release|Any CPU
		{E4DE7038-079A-4800-BAB7-036BB62BED1D}.Release|Any CPU.Build.0 = Release|Any CPU
		{5D77BDE9-01C1-4A5E-AC89-813D4C155E36}.Debug|Any CPU.ActiveCfg = Debug|Any CPU
		{5D77BDE9-01C1-4A5E-AC89-813D4C155E36}.Debug|Any CPU.Build.0 = Debug|Any CPU
		{5D77BDE9-01C1-4A5E-AC89-813D4C155E36}.Release|Any CPU.ActiveCfg = Release|Any CPU
		{5D77BDE9-01C1-4A5E-AC89-813D4C155E36}.Release|Any CPU.Build.0 = Release|Any CPU
	EndGlobalSection
	GlobalSection(SolutionProperties) = preSolution
		HideSolutionNode = FALSE
	EndGlobalSection
EndGlobal
